
Microsoft Visual Studio Solution File, Format Version 12.00
# Visual Studio Version 16
VisualStudioVersion = 16.0.30320.27
MinimumVisualStudioVersion = 10.0.40219.1
Project("{FAE04EC0-301F-11D3-BF4B-00C04F79EFBC}") = "ApiPrueba", "ApiPrueba\ApiPrueba.csproj", "{DF26D47F-84F2-4ED1-A5DC-F78BB8BB0DAE}"
EndProject
Global
	GlobalSection(SolutionConfigurationPlatforms) = preSolution
		Debug|Any CPU = Debug|Any CPU
		Release|Any CPU = Release|Any CPU
	EndGlobalSection
	GlobalSection(ProjectConfigurationPlatforms) = postSolution
		{DF26D47F-84F2-4ED1-A5DC-F78BB8BB0DAE}.Debug|Any CPU.ActiveCfg = Debug|Any CPU
		{DF26D47F-84F2-4ED1-A5DC-F78BB8BB0DAE}.Debug|Any CPU.Build.0 = Debug|Any CPU
		{DF26D47F-84F2-4ED1-A5DC-F78BB8BB0DAE}.Release|Any CPU.ActiveCfg = Release|Any CPU
		{DF26D47F-84F2-4ED1-A5DC-F78BB8BB0DAE}.Release|Any CPU.Build.0 = Release|Any CPU
	EndGlobalSection
	GlobalSection(SolutionProperties) = preSolution
		HideSolutionNode = FALSE
	EndGlobalSection
	GlobalSection(ExtensibilityGlobals) = postSolution
		SolutionGuid = {85173050-F9F6-42F5-B362-F7E00645E741}
	EndGlobalSection
EndGlobal
